
Microsoft Visual Studio Solution File, Format Version 12.00
# Visual Studio 2017
Project("{FAE04EC0-301F-11D3-BF4B-00C04F79EFBC}") = "Unit 3 Main Prototype", "Unit 3 Main Prototype.csproj", "{DABB45C7-9BC0-5BF6-AE87-DFC2F1975785}"
EndProject
Project("{FAE04EC0-301F-11D3-BF4B-00C04F79EFBC}") = "Unit 3 Main Prototype.Editor", "Unit 3 Main Prototype.Editor.csproj", "{73E01C52-93B3-0F82-6B50-2CEEF7C47FF2}"
EndProject
Global
	GlobalSection(SolutionConfigurationPlatforms) = preSolution
		Debug|Any CPU = Debug|Any CPU
		Release|Any CPU = Release|Any CPU
	EndGlobalSection
	GlobalSection(ProjectConfigurationPlatforms) = postSolution
		{DABB45C7-9BC0-5BF6-AE87-DFC2F1975785}.Debug|Any CPU.ActiveCfg = Debug|Any CPU
		{DABB45C7-9BC0-5BF6-AE87-DFC2F1975785}.Debug|Any CPU.Build.0 = Debug|Any CPU
		{DABB45C7-9BC0-5BF6-AE87-DFC2F1975785}.Release|Any CPU.ActiveCfg = Release|Any CPU
		{DABB45C7-9BC0-5BF6-AE87-DFC2F1975785}.Release|Any CPU.Build.0 = Release|Any CPU
		{73E01C52-93B3-0F82-6B50-2CEEF7C47FF2}.Debug|Any CPU.ActiveCfg = Debug|Any CPU
		{73E01C52-93B3-0F82-6B50-2CEEF7C47FF2}.Debug|Any CPU.Build.0 = Debug|Any CPU
		{73E01C52-93B3-0F82-6B50-2CEEF7C47FF2}.Release|Any CPU.ActiveCfg = Release|Any CPU
		{73E01C52-93B3-0F82-6B50-2CEEF7C47FF2}.Release|Any CPU.Build.0 = Release|Any CPU
	EndGlobalSection
	GlobalSection(SolutionProperties) = preSolution
		HideSolutionNode = FALSE
	EndGlobalSection
EndGlobal
